
Microsoft Visual Studio Solution File, Format Version 12.00
# Visual Studio Version 17
VisualStudioVersion = 17.0.31903.59
MinimumVisualStudioVersion = 10.0.40219.1
Project("{FAE04EC0-301F-11D3-BF4B-00C04F79EFBC}") = "Uppgift_1_CodePattern", "Uppgift_1_CodePattern\Uppgift_1_CodePattern.csproj", "{9EA32DFF-744C-46B9-BE43-84167377AD88}"
EndProject
Global
	GlobalSection(SolutionConfigurationPlatforms) = preSolution
		Debug|Any CPU = Debug|Any CPU
		Release|Any CPU = Release|Any CPU
	EndGlobalSection
	GlobalSection(ProjectConfigurationPlatforms) = postSolution
		{9EA32DFF-744C-46B9-BE43-84167377AD88}.Debug|Any CPU.ActiveCfg = Debug|Any CPU
		{9EA32DFF-744C-46B9-BE43-84167377AD88}.Debug|Any CPU.Build.0 = Debug|Any CPU
		{9EA32DFF-744C-46B9-BE43-84167377AD88}.Release|Any CPU.ActiveCfg = Release|Any CPU
		{9EA32DFF-744C-46B9-BE43-84167377AD88}.Release|Any CPU.Build.0 = Release|Any CPU
	EndGlobalSection
	GlobalSection(SolutionProperties) = preSolution
		HideSolutionNode = FALSE
	EndGlobalSection
	GlobalSection(ExtensibilityGlobals) = postSolution
		SolutionGuid = {F81647AA-9F52-4BEE-B1D5-2E32E4D546F4}
	EndGlobalSection
EndGlobal
